
Microsoft Visual Studio Solution File, Format Version 12.00
# Visual Studio Version 16
VisualStudioVersion = 16.0.29001.49
MinimumVisualStudioVersion = 10.0.40219.1
Project("{9A19103F-16F7-4668-BE54-9A1E7A4F7556}") = "ImGalaxy.ES.Core", "Core\ImGalaxy.ES.Core\ImGalaxy.ES.Core.csproj", "{D9523394-666B-4D72-90F3-EBBBA9AEFB5E}"
EndProject
Project("{9A19103F-16F7-4668-BE54-9A1E7A4F7556}") = "ImGalaxy.ES.EventStore", "EventStore\ImGalaxy.ES.EventStore\ImGalaxy.ES.EventStore.csproj", "{A330407C-BA34-4A0B-8B63-BAEEA01441D3}"
EndProject
Project("{9A19103F-16F7-4668-BE54-9A1E7A4F7556}") = "ImGalaxy.ES.CosmoStore", "CosmoStore\ImGalaxy.ES.CosmoStore\ImGalaxy.ES.CosmoStore.csproj", "{82AA9159-FF27-45AB-977B-536AFA23C724}"
EndProject
Project("{9A19103F-16F7-4668-BE54-9A1E7A4F7556}") = "ImGalaxy.ES.InMemoryStore", "InMemory\ImGalaxy.ES.InMemoryStore\ImGalaxy.ES.InMemoryStore.csproj", "{AE3C46E2-5B90-4E6D-9F0E-4B7D831D3484}"
EndProject
Global
	GlobalSection(SolutionConfigurationPlatforms) = preSolution
		Debug|Any CPU = Debug|Any CPU
		Release|Any CPU = Release|Any CPU
	EndGlobalSection
	GlobalSection(ProjectConfigurationPlatforms) = postSolution
		{D9523394-666B-4D72-90F3-EBBBA9AEFB5E}.Debug|Any CPU.ActiveCfg = Debug|Any CPU
		{D9523394-666B-4D72-90F3-EBBBA9AEFB5E}.Debug|Any CPU.Build.0 = Debug|Any CPU
		{D9523394-666B-4D72-90F3-EBBBA9AEFB5E}.Release|Any CPU.ActiveCfg = Release|Any CPU
		{D9523394-666B-4D72-90F3-EBBBA9AEFB5E}.Release|Any CPU.Build.0 = Release|Any CPU
		{A330407C-BA34-4A0B-8B63-BAEEA01441D3}.Debug|Any CPU.ActiveCfg = Debug|Any CPU
		{A330407C-BA34-4A0B-8B63-BAEEA01441D3}.Debug|Any CPU.Build.0 = Debug|Any CPU
		{A330407C-BA34-4A0B-8B63-BAEEA01441D3}.Release|Any CPU.ActiveCfg = Release|Any CPU
		{A330407C-BA34-4A0B-8B63-BAEEA01441D3}.Release|Any CPU.Build.0 = Release|Any CPU
		{82AA9159-FF27-45AB-977B-536AFA23C724}.Debug|Any CPU.ActiveCfg = Debug|Any CPU
		{82AA9159-FF27-45AB-977B-536AFA23C724}.Debug|Any CPU.Build.0 = Debug|Any CPU
		{82AA9159-FF27-45AB-977B-536AFA23C724}.Release|Any CPU.ActiveCfg = Release|Any CPU
		{82AA9159-FF27-45AB-977B-536AFA23C724}.Release|Any CPU.Build.0 = Release|Any CPU
		{AE3C46E2-5B90-4E6D-9F0E-4B7D831D3484}.Debug|Any CPU.ActiveCfg = Debug|Any CPU
		{AE3C46E2-5B90-4E6D-9F0E-4B7D831D3484}.Debug|Any CPU.Build.0 = Debug|Any CPU
		{AE3C46E2-5B90-4E6D-9F0E-4B7D831D3484}.Release|Any CPU.ActiveCfg = Release|Any CPU
		{AE3C46E2-5B90-4E6D-9F0E-4B7D831D3484}.Release|Any CPU.Build.0 = Release|Any CPU
	EndGlobalSection
	GlobalSection(SolutionProperties) = preSolution
		HideSolutionNode = FALSE
	EndGlobalSection
	GlobalSection(ExtensibilityGlobals) = postSolution
		SolutionGuid = {E8D35453-D24C-4CDD-92C1-B417E845699C}
	EndGlobalSection
EndGlobal
